// !$*UTF8*$!
{
	archiveVersion = 1;
	classes = {
	};
	objectVersion = 46;
	objects = {

/* Begin PBXBuildFile section */
		2CA1CB46E7DE3B4DFD95C06A /* Pods_RNCryptor_Test_Run.framework in Frameworks */ = {isa = PBXBuildFile; fileRef = 3CFC19347C7A3A513E55E0CA /* Pods_RNCryptor_Test_Run.framework */; };
		4CCAD9731CC2CD5100FB70AE /* main.m in Sources */ = {isa = PBXBuildFile; fileRef = 4CCAD9721CC2CD5100FB70AE /* main.m */; };
		4CCAD9761CC2CD5100FB70AE /* AppDelegate.m in Sources */ = {isa = PBXBuildFile; fileRef = 4CCAD9751CC2CD5100FB70AE /* AppDelegate.m */; };
		4CCAD9791CC2CD5100FB70AE /* ViewController.m in Sources */ = {isa = PBXBuildFile; fileRef = 4CCAD9781CC2CD5100FB70AE /* ViewController.m */; };
		4CCAD97C1CC2CD5100FB70AE /* Main.storyboard in Resources */ = {isa = PBXBuildFile; fileRef = 4CCAD97A1CC2CD5100FB70AE /* Main.storyboard */; };
		4CCAD97E1CC2CD5100FB70AE /* Assets.xcassets in Resources */ = {isa = PBXBuildFile; fileRef = 4CCAD97D1CC2CD5100FB70AE /* Assets.xcassets */; };
		4CCAD9811CC2CD5100FB70AE /* LaunchScreen.storyboard in Resources */ = {isa = PBXBuildFile; fileRef = 4CCAD97F1CC2CD5100FB70AE /* LaunchScreen.storyboard */; };
/* End PBXBuildFile section */

/* Begin PBXFileReference section */
		3CFC19347C7A3A513E55E0CA /* Pods_RNCryptor_Test_Run.framework */ = {isa = PBXFileReference; explicitFileType = wrapper.framework; includeInIndex = 0; path = Pods_RNCryptor_Test_Run.framework; sourceTree = BUILT_PRODUCTS_DIR; };
		4CCAD96E1CC2CD5000FB70AE /* RNCryptorTestRun.app */ = {isa = PBXFileReference; explicitFileType = wrapper.application; includeInIndex = 0; path = RNCryptorTestRun.app; sourceTree = BUILT_PRODUCTS_DIR; };
		4CCAD9721CC2CD5100FB70AE /* main.m */ = {isa = PBXFileReference; lastKnownFileType = sourcecode.c.objc; path = main.m; sourceTree = "<group>"; };
		4CCAD9741CC2CD5100FB70AE /* AppDelegate.h */ = {isa = PBXFileReference; lastKnownFileType = sourcecode.c.h; path = AppDelegate.h; sourceTree = "<group>"; };
		4CCAD9751CC2CD5100FB70AE /* AppDelegate.m */ = {isa = PBXFileReference; lastKnownFileType = sourcecode.c.objc; path = AppDelegate.m; sourceTree = "<group>"; };
		4CCAD9771CC2CD5100FB70AE /* ViewController.h */ = {isa = PBXFileReference; lastKnownFileType = sourcecode.c.h; path = ViewController.h; sourceTree = "<group>"; };
		4CCAD9781CC2CD5100FB70AE /* ViewController.m */ = {isa = PBXFileReference; lastKnownFileType = sourcecode.c.objc; path = ViewController.m; sourceTree = "<group>"; };
		4CCAD97B1CC2CD5100FB70AE /* Base */ = {isa = PBXFileReference; lastKnownFileType = file.storyboard; name = Base; path = Base.lproj/Main.storyboard; sourceTree = "<group>"; };
		4CCAD97D1CC2CD5100FB70AE /* Assets.xcassets */ = {isa = PBXFileReference; lastKnownFileType = folder.assetcatalog; path = Assets.xcassets; sourceTree = "<group>"; };
		4CCAD9801CC2CD5100FB70AE /* Base */ = {isa = PBXFileReference; lastKnownFileType = file.storyboard; name = Base; path = Base.lproj/LaunchScreen.storyboard; sourceTree = "<group>"; };
		4CCAD9821CC2CD5100FB70AE /* Info.plist */ = {isa = PBXFileReference; lastKnownFileType = text.plist.xml; path = Info.plist; sourceTree = "<group>"; };
		569C880B6775F231E3F7DA15 /* Pods-RNCryptor Test Run.debug.xcconfig */ = {isa = PBXFileReference; includeInIndex = 1; lastKnownFileType = text.xcconfig; name = "Pods-RNCryptor Test Run.debug.xcconfig"; path = "Pods/Target Support Files/Pods-RNCryptor Test Run/Pods-RNCryptor Test Run.debug.xcconfig"; sourceTree = "<group>"; };
		920D1F198E995A64C3821138 /* Pods-RNCryptor Test Run.release.xcconfig */ = {isa = PBXFileReference; includeInIndex = 1; lastKnownFileType = text.xcconfig; name = "Pods-RNCryptor Test Run.release.xcconfig"; path = "Pods/Target Support Files/Pods-RNCryptor Test Run/Pods-RNCryptor Test Run.release.xcconfig"; sourceTree = "<group>"; };
/* End PBXFileReference section */

/* Begin PBXFrameworksBuildPhase section */
		4CCAD96B1CC2CD5000FB70AE /* Frameworks */ = {
			isa = PBXFrameworksBuildPhase;
			buildActionMask = 2147483647;
			files = (
				2CA1CB46E7DE3B4DFD95C06A /* Pods_RNCryptor_Test_Run.framework in Frameworks */,
			);
			runOnlyForDeploymentPostprocessing = 0;
		};
/* End PBXFrameworksBuildPhase section */

/* Begin PBXGroup section */
		45A976ECC1CE4DA5444BA4CC /* Pods */ = {
			isa = PBXGroup;
			children = (
				569C880B6775F231E3F7DA15 /* Pods-RNCryptor Test Run.debug.xcconfig */,
				920D1F198E995A64C3821138 /* Pods-RNCryptor Test Run.release.xcconfig */,
			);
			name = Pods;
			sourceTree = "<group>";
		};
		4CCAD9651CC2CD5000FB70AE = {
			isa = PBXGroup;
			children = (
				4CCAD9701CC2CD5100FB70AE /* RNCryptor Test Run */,
				4CCAD96F1CC2CD5000FB70AE /* Products */,
				45A976ECC1CE4DA5444BA4CC /* Pods */,
				57078A98A5CE9A78115598D5 /* Frameworks */,
			);
			sourceTree = "<group>";
		};
		4CCAD96F1CC2CD5000FB70AE /* Products */ = {
			isa = PBXGroup;
			children = (
				4CCAD96E1CC2CD5000FB70AE /* RNCryptorTestRun.app */,
			);
			name = Products;
			sourceTree = "<group>";
		};
		4CCAD9701CC2CD5100FB70AE /* RNCryptor Test Run */ = {
			isa = PBXGroup;
			children = (
				4CCAD9741CC2CD5100FB70AE /* AppDelegate.h */,
				4CCAD9751CC2CD5100FB70AE /* AppDelegate.m */,
				4CCAD9771CC2CD5100FB70AE /* ViewController.h */,
				4CCAD9781CC2CD5100FB70AE /* ViewController.m */,
				4CCAD97A1CC2CD5100FB70AE /* Main.storyboard */,
				4CCAD97D1CC2CD5100FB70AE /* Assets.xcassets */,
				4CCAD97F1CC2CD5100FB70AE /* LaunchScreen.storyboard */,
				4CCAD9821CC2CD5100FB70AE /* Info.plist */,
				4CCAD9711CC2CD5100FB70AE /* Supporting Files */,
			);
			path = "RNCryptor Test Run";
			sourceTree = "<group>";
		};
		4CCAD9711CC2CD5100FB70AE /* Supporting Files */ = {
			isa = PBXGroup;
			children = (
				4CCAD9721CC2CD5100FB70AE /* main.m */,
			);
			name = "Supporting Files";
			sourceTree = "<group>";
		};
		57078A98A5CE9A78115598D5 /* Frameworks */ = {
			isa = PBXGroup;
			children = (
				3CFC19347C7A3A513E55E0CA /* Pods_RNCryptor_Test_Run.framework */,
			);
			name = Frameworks;
			sourceTree = "<group>";
		};
/* End PBXGroup section */

/* Begin PBXNativeTarget section */
		4CCAD96D1CC2CD5000FB70AE /* RNCryptorTestRun */ = {
			isa = PBXNativeTarget;
			buildConfigurationList = 4CCAD9851CC2CD5100FB70AE /* Build configuration list for PBXNativeTarget "RNCryptorTestRun" */;
			buildPhases = (
				3337B0F8F3F13516A7094797 /* Check Pods Manifest.lock */,
				4CCAD96A1CC2CD5000FB70AE /* Sources */,
				4CCAD96B1CC2CD5000FB70AE /* Frameworks */,
				4CCAD96C1CC2CD5000FB70AE /* Resources */,
				96EB36C51B4ED6E087535AF9 /* Embed Pods Frameworks */,
				4698E65B1EB0AD1362026033 /* Copy Pods Resources */,
			);
			buildRules = (
			);
			dependencies = (
			);
			name = RNCryptorTestRun;
			productName = "RNCryptor Test Run";
			productReference = 4CCAD96E1CC2CD5000FB70AE /* RNCryptorTestRun.app */;
			productType = "com.apple.product-type.application";
		};
/* End PBXNativeTarget section */

/* Begin PBXProject section */
		4CCAD9661CC2CD5000FB70AE /* Project object */ = {
			isa = PBXProject;
			attributes = {
				LastUpgradeCheck = 0730;
				ORGANIZATIONNAME = "Ian Alexander Rahman";
				TargetAttributes = {
					4CCAD96D1CC2CD5000FB70AE = {
						CreatedOnToolsVersion = 7.3;
						DevelopmentTeam = 2C8QT4S3BM;
					};
				};
			};
			buildConfigurationList = 4CCAD9691CC2CD5000FB70AE /* Build configuration list for PBXProject "RNCryptorTestRun" */;
			compatibilityVersion = "Xcode 3.2";
			developmentRegion = English;
			hasScannedForEncodings = 0;
			knownRegions = (
				en,
				Base,
			);
			mainGroup = 4CCAD9651CC2CD5000FB70AE;
			productRefGroup = 4CCAD96F1CC2CD5000FB70AE /* Products */;
			projectDirPath = "";
			projectRoot = "";
			targets = (
				4CCAD96D1CC2CD5000FB70AE /* RNCryptorTestRun */,
			);
		};
/* End PBXProject section */

/* Begin PBXResourcesBuildPhase section */
		4CCAD96C1CC2CD5000FB70AE /* Resources */ = {
			isa = PBXResourcesBuildPhase;
			buildActionMask = 2147483647;
			files = (
				4CCAD9811CC2CD5100FB70AE /* LaunchScreen.storyboard in Resources */,
				4CCAD97E1CC2CD5100FB70AE /* Assets.xcassets in Resources */,
				4CCAD97C1CC2CD5100FB70AE /* Main.storyboard in Resources */,
			);
			runOnlyForDeploymentPostprocessing = 0;
		};
/* End PBXResourcesBuildPhase section */

/* Begin PBXShellScriptBuildPhase section */
		3337B0F8F3F13516A7094797 /* Check Pods Manifest.lock */ = {
			isa = PBXShellScriptBuildPhase;
			buildActionMask = 2147483647;
			files = (
			);
			inputPaths = (
			);
			name = "Check Pods Manifest.lock";
			outputPaths = (
			);
			runOnlyForDeploymentPostprocessing = 0;
			shellPath = /bin/sh;
			shellScript = "diff \"${PODS_ROOT}/../Podfile.lock\" \"${PODS_ROOT}/Manifest.lock\" > /dev/null\nif [[ $? != 0 ]] ; then\n    cat << EOM\nerror: The sandbox is not in sync with the Podfile.lock. Run 'pod install' or update your CocoaPods installation.\nEOM\n    exit 1\nfi\n";
			showEnvVarsInLog = 0;
		};
		4698E65B1EB0AD1362026033 /* Copy Pods Resources */ = {
			isa = PBXShellScriptBuildPhase;
			buildActionMask = 2147483647;
			files = (
			);
			inputPaths = (
			);
			name = "Copy Pods Resources";
			outputPaths = (
			);
			runOnlyForDeploymentPostprocessing = 0;
			shellPath = /bin/sh;
			shellScript = "\"${SRCROOT}/Pods/Target Support Files/Pods-RNCryptor Test Run/Pods-RNCryptor Test Run-resources.sh\"\n";
			showEnvVarsInLog = 0;
		};
		96EB36C51B4ED6E087535AF9 /* Embed Pods Frameworks */ = {
			isa = PBXShellScriptBuildPhase;
			buildActionMask = 2147483647;
			files = (
			);
			inputPaths = (
			);
			name = "Embed Pods Frameworks";
			outputPaths = (
			);
			runOnlyForDeploymentPostprocessing = 0;
			shellPath = /bin/sh;
			shellScript = "\"${SRCROOT}/Pods/Target Support Files/Pods-RNCryptor Test Run/Pods-RNCryptor Test Run-frameworks.sh\"\n";
			showEnvVarsInLog = 0;
		};
/* End PBXShellScriptBuildPhase section */

/* Begin PBXSourcesBuildPhase section */
		4CCAD96A1CC2CD5000FB70AE /* Sources */ = {
			isa = PBXSourcesBuildPhase;
			buildActionMask = 2147483647;
			files = (
				4CCAD9791CC2CD5100FB70AE /* ViewController.m in Sources */,
				4CCAD9761CC2CD5100FB70AE /* AppDelegate.m in Sources */,
				4CCAD9731CC2CD5100FB70AE /* main.m in Sources */,
			);
			runOnlyForDeploymentPostprocessing = 0;
		};
/* End PBXSourcesBuildPhase section */

/* Begin PBXVariantGroup section */
		4CCAD97A1CC2CD5100FB70AE /* Main.storyboard */ = {
			isa = PBXVariantGroup;
			children = (
				4CCAD97B1CC2CD5100FB70AE /* Base */,
			);
			name = Main.storyboard;
			sourceTree = "<group>";
		};
		4CCAD97F1CC2CD5100FB70AE /* LaunchScreen.storyboard */ = {
			isa = PBXVariantGroup;
			children = (
				4CCAD9801CC2CD5100FB70AE /* Base */,
			);
			name = LaunchScreen.storyboard;
			sourceTree = "<group>";
		};
/* End PBXVariantGroup section */

/* Begin XCBuildConfiguration section */
		4CCAD9831CC2CD5100FB70AE /* Debug */ = {
			isa = XCBuildConfiguration;
			buildSettings = {
				ALWAYS_SEARCH_USER_PATHS = NO;
				CLANG_ANALYZER_NONNULL = YES;
				CLANG_CXX_LANGUAGE_STANDARD = "gnu++0x";
				CLANG_CXX_LIBRARY = "libc++";
				CLANG_ENABLE_MODULES = YES;
				CLANG_ENABLE_OBJC_ARC = YES;
				CLANG_WARN_BOOL_CONVERSION = YES;
				CLANG_WARN_CONSTANT_CONVERSION = YES;
				CLANG_WARN_DIRECT_OBJC_ISA_USAGE = YES_ERROR;
				CLANG_WARN_EMPTY_BODY = YES;
				CLANG_WARN_ENUM_CONVERSION = YES;
				CLANG_WARN_INT_CONVERSION = YES;
				CLANG_WARN_OBJC_ROOT_CLASS = YES_ERROR;
				CLANG_WARN_UNREACHABLE_CODE = YES;
				CLANG_WARN__DUPLICATE_METHOD_MATCH = YES;
				"CODE_SIGN_IDENTITY[sdk=iphoneos*]" = "iPhone Developer";
				COPY_PHASE_STRIP = NO;
				DEBUG_INFORMATION_FORMAT = dwarf;
				ENABLE_STRICT_OBJC_MSGSEND = YES;
				ENABLE_TESTABILITY = YES;
				GCC_C_LANGUAGE_STANDARD = gnu99;
				GCC_DYNAMIC_NO_PIC = NO;
				GCC_NO_COMMON_BLOCKS = YES;
				GCC_OPTIMIZATION_LEVEL = 0;
				GCC_PREPROCESSOR_DEFINITIONS = (
					"DEBUG=1",
					"$(inherited)",
				);
				GCC_WARN_64_TO_32_BIT_CONVERSION = YES;
				GCC_WARN_ABOUT_RETURN_TYPE = YES_ERROR;
				GCC_WARN_UNDECLARED_SELECTOR = YES;
				GCC_WARN_UNINITIALIZED_AUTOS = YES_AGGRESSIVE;
				GCC_WARN_UNUSED_FUNCTION = YES;
				GCC_WARN_UNUSED_VARIABLE = YES;
				IPHONEOS_DEPLOYMENT_TARGET = 9.3;
				MTL_ENABLE_DEBUG_INFO = YES;
				ONLY_ACTIVE_ARCH = YES;
				SDKROOT = iphoneos;
				TARGETED_DEVICE_FAMILY = "1,2";
			};
			name = Debug;
		};
		4CCAD9841CC2CD5100FB70AE /* Release */ = {
			isa = XCBuildConfiguration;
			buildSettings = {
				ALWAYS_SEARCH_USER_PATHS = NO;
				CLANG_ANALYZER_NONNULL = YES;
				CLANG_CXX_LANGUAGE_STANDARD = "gnu++0x";
				CLANG_CXX_LIBRARY = "libc++";
				CLANG_ENABLE_MODULES = YES;
				CLANG_ENABLE_OBJC_ARC = YES;
				CLANG_WARN_BOOL_CONVERSION = YES;
				CLANG_WARN_CONSTANT_CONVERSION = YES;
				CLANG_WARN_DIRECT_OBJC_ISA_USAGE = YES_ERROR;
				CLANG_WARN_EMPTY_BODY = YES;
				CLANG_WARN_ENUM_CONVERSION = YES;
				CLANG_WARN_INT_CONVERSION = YES;
				CLANG_WARN_OBJC_ROOT_CLASS = YES_ERROR;
				CLANG_WARN_UNREACHABLE_CODE = YES;
				CLANG_WARN__DUPLICATE_METHOD_MATCH = YES;
				"CODE_SIGN_IDENTITY[sdk=iphoneos*]" = "iPhone Developer";
				COPY_PHASE_STRIP = NO;
				DEBUG_INFORMATION_FORMAT = "dwarf-with-dsym";
				ENABLE_NS_ASSERTIONS = NO;
				ENABLE_STRICT_OBJC_MSGSEND = YES;
				GCC_C_LANGUAGE_STANDARD = gnu99;
				GCC_NO_COMMON_BLOCKS = YES;
				GCC_WARN_64_TO_32_BIT_CONVERSION = YES;
				GCC_WARN_ABOUT_RETURN_TYPE = YES_ERROR;
				GCC_WARN_UNDECLARED_SELECTOR = YES;
				GCC_WARN_UNINITIALIZED_AUTOS = YES_AGGRESSIVE;
				GCC_WARN_UNUSED_FUNCTION = YES;
				GCC_WARN_UNUSED_VARIABLE = YES;
				IPHONEOS_DEPLOYMENT_TARGET = 9.3;
				MTL_ENABLE_DEBUG_INFO = NO;
				SDKROOT = iphoneos;
				TARGETED_DEVICE_FAMILY = "1,2";
				VALIDATE_PRODUCT = YES;
			};
			name = Release;
		};
		4CCAD9861CC2CD5100FB70AE /* Debug */ = {
			isa = XCBuildConfiguration;
			baseConfigurationReference = 569C880B6775F231E3F7DA15 /* Pods-RNCryptor Test Run.debug.xcconfig */;
			buildSettings = {
				ASSETCATALOG_COMPILER_APPICON_NAME = AppIcon;
				INFOPLIST_FILE = "RNCryptor Test Run/Info.plist";
				LD_RUNPATH_SEARCH_PATHS = "$(inherited) @executable_path/Frameworks";
				PRODUCT_BUNDLE_IDENTIFIER = IAR.RNCryptorTestRun;
				PRODUCT_NAME = RNCryptorTestRun;
			};
			name = Debug;
		};
		4CCAD9871CC2CD5100FB70AE /* Release */ = {
			isa = XCBuildConfiguration;
			baseConfigurationReference = 920D1F198E995A64C3821138 /* Pods-RNCryptor Test Run.release.xcconfig */;
			buildSettings = {
				ASSETCATALOG_COMPILER_APPICON_NAME = AppIcon;
				INFOPLIST_FILE = "RNCryptor Test Run/Info.plist";
				LD_RUNPATH_SEARCH_PATHS = "$(inherited) @executable_path/Frameworks";
				PRODUCT_BUNDLE_IDENTIFIER = IAR.RNCryptorTestRun;
				PRODUCT_NAME = RNCryptorTestRun;
			};
			name = Release;
		};
/* End XCBuildConfiguration section */

/* Begin XCConfigurationList section */
		4CCAD9691CC2CD5000FB70AE /* Build configuration list for PBXProject "RNCryptorTestRun" */ = {
			isa = XCConfigurationList;
			buildConfigurations = (
				4CCAD9831CC2CD5100FB70AE /* Debug */,
				4CCAD9841CC2CD5100FB70AE /* Release */,
			);
			defaultConfigurationIsVisible = 0;
			defaultConfigurationName = Release;
		};
		4CCAD9851CC2CD5100FB70AE /* Build configuration list for PBXNativeTarget "RNCryptorTestRun" */ = {
			isa = XCConfigurationList;
			buildConfigurations = (
				4CCAD9861CC2CD5100FB70AE /* Debug */,
				4CCAD9871CC2CD5100FB70AE /* Release */,
			);
			defaultConfigurationIsVisible = 0;
			defaultConfigurationName = Release;
		};
/* End XCConfigurationList section */
	};
	rootObject = 4CCAD9661CC2CD5000FB70AE /* Project object */;
}
